
Microsoft Visual Studio Solution File, Format Version 12.00
# Visual Studio Version 17
VisualStudioVersion = 17.5.33502.453
MinimumVisualStudioVersion = 10.0.40219.1
Project("{9A19103F-16F7-4668-BE54-9A1E7A4F7556}") = "authentification_Api", "authentification_Api\authentification_Api.csproj", "{A639CEBE-0129-415F-B32A-ED8707C2B441}"
EndProject
Project("{FAE04EC0-301F-11D3-BF4B-00C04F79EFBC}") = "Authentication.Web", "Authentification.Web\Authentication.Web.csproj", "{20ADB9E7-6AC1-4821-ABBA-BAA7577BC9C1}"
EndProject
Global
	GlobalSection(SolutionConfigurationPlatforms) = preSolution
		Debug|Any CPU = Debug|Any CPU
		Release|Any CPU = Release|Any CPU
	EndGlobalSection
	GlobalSection(ProjectConfigurationPlatforms) = postSolution
		{A639CEBE-0129-415F-B32A-ED8707C2B441}.Debug|Any CPU.ActiveCfg = Debug|Any CPU
		{A639CEBE-0129-415F-B32A-ED8707C2B441}.Debug|Any CPU.Build.0 = Debug|Any CPU
		{A639CEBE-0129-415F-B32A-ED8707C2B441}.Release|Any CPU.ActiveCfg = Release|Any CPU
		{A639CEBE-0129-415F-B32A-ED8707C2B441}.Release|Any CPU.Build.0 = Release|Any CPU
		{20ADB9E7-6AC1-4821-ABBA-BAA7577BC9C1}.Debug|Any CPU.ActiveCfg = Debug|Any CPU
		{20ADB9E7-6AC1-4821-ABBA-BAA7577BC9C1}.Debug|Any CPU.Build.0 = Debug|Any CPU
		{20ADB9E7-6AC1-4821-ABBA-BAA7577BC9C1}.Release|Any CPU.ActiveCfg = Release|Any CPU
		{20ADB9E7-6AC1-4821-ABBA-BAA7577BC9C1}.Release|Any CPU.Build.0 = Release|Any CPU
	EndGlobalSection
	GlobalSection(SolutionProperties) = preSolution
		HideSolutionNode = FALSE
	EndGlobalSection
	GlobalSection(ExtensibilityGlobals) = postSolution
		SolutionGuid = {379BA85C-1C7C-4FF9-874A-51E6CF3DEACB}
	EndGlobalSection
EndGlobal
